
Microsoft Visual Studio Solution File, Format Version 12.00
# Visual Studio Version 16
VisualStudioVersion = 16.0.29519.87
MinimumVisualStudioVersion = 10.0.40219.1
Project("{FAE04EC0-301F-11D3-BF4B-00C04F79EFBC}") = "SpaceEngineers", "SpaceEngineers.csproj", "{FACE0B46-C88A-4F09-9547-F3212845743E}"
EndProject
Global
	GlobalSection(SolutionConfigurationPlatforms) = preSolution
		Debug|Any CPU = Debug|Any CPU
		Release|Any CPU = Release|Any CPU
	EndGlobalSection
	GlobalSection(ProjectConfigurationPlatforms) = postSolution
		{FACE0B46-C88A-4F09-9547-F3212845743E}.Debug|Any CPU.ActiveCfg = Debug|Any CPU
		{FACE0B46-C88A-4F09-9547-F3212845743E}.Debug|Any CPU.Build.0 = Debug|Any CPU
		{FACE0B46-C88A-4F09-9547-F3212845743E}.Release|Any CPU.ActiveCfg = Release|Any CPU
		{FACE0B46-C88A-4F09-9547-F3212845743E}.Release|Any CPU.Build.0 = Release|Any CPU
	EndGlobalSection
	GlobalSection(SolutionProperties) = preSolution
		HideSolutionNode = FALSE
	EndGlobalSection
	GlobalSection(ExtensibilityGlobals) = postSolution
		SolutionGuid = {B5470CB5-EC8C-4995-ACF2-6651386857FE}
	EndGlobalSection
EndGlobal
